
Microsoft Visual Studio Solution File, Format Version 12.00
# Visual Studio Version 17
VisualStudioVersion = 17.6.33801.468
MinimumVisualStudioVersion = 10.0.40219.1
Project("{FAE04EC0-301F-11D3-BF4B-00C04F79EFBC}") = "The template is scanned MVVM", "The template is scanned MVVM\The template is scanned MVVM.csproj", "{D4D1213D-9084-41E6-954E-7D05EA1B0DA8}"
EndProject
Global
	GlobalSection(SolutionConfigurationPlatforms) = preSolution
		Debug|Any CPU = Debug|Any CPU
		Release|Any CPU = Release|Any CPU
	EndGlobalSection
	GlobalSection(ProjectConfigurationPlatforms) = postSolution
		{D4D1213D-9084-41E6-954E-7D05EA1B0DA8}.Debug|Any CPU.ActiveCfg = Debug|Any CPU
		{D4D1213D-9084-41E6-954E-7D05EA1B0DA8}.Debug|Any CPU.Build.0 = Debug|Any CPU
		{D4D1213D-9084-41E6-954E-7D05EA1B0DA8}.Release|Any CPU.ActiveCfg = Release|Any CPU
		{D4D1213D-9084-41E6-954E-7D05EA1B0DA8}.Release|Any CPU.Build.0 = Release|Any CPU
	EndGlobalSection
	GlobalSection(SolutionProperties) = preSolution
		HideSolutionNode = FALSE
	EndGlobalSection
	GlobalSection(ExtensibilityGlobals) = postSolution
		SolutionGuid = {B3F5AE13-975C-4527-9685-E0F495EC964D}
	EndGlobalSection
EndGlobal
